// !$*UTF8*$!
{
	archiveVersion = 1;
	classes = {
	};
	objectVersion = 56;
	objects = {

/* Begin PBXBuildFile section */
		1A0000000000000000000001 /* main.m in Sources */ = {isa = PBXBuildFile; fileRef = 1A0000000000000000000011; };
		1A0000000000000000000002 /* LaunchScreen.storyboard in Resources */ = {isa = PBXBuildFile; fileRef = 1A0000000000000000000012; };
		1A0000000000000000000003 /* UIKit.framework in Frameworks */ = {isa = PBXBuildFile; fileRef = 1A0000000000000000000021; };
		1A0000000000000000000004 /* Foundation.framework in Frameworks */ = {isa = PBXBuildFile; fileRef = 1A0000000000000000000022; };
		1A0000000000000000000005 /* CoreSpotlight.framework in Frameworks */ = {isa = PBXBuildFile; fileRef = 1A0000000000000000000023; };
/* End PBXBuildFile section */

/* Begin PBXFileReference section */
		1A0000000000000000000010 /* SandboxEscapePOC.app */ = {isa = PBXFileReference; explicitFileType = wrapper.application; includeInIndex = 0; path = SandboxEscapePOC.app; sourceTree = BUILT_PRODUCTS_DIR; };
		1A0000000000000000000011 /* main.m */ = {isa = PBXFileReference; lastKnownFileType = sourcecode.c.objc; path = main.m; sourceTree = "<group>"; };
		1A0000000000000000000012 /* LaunchScreen.storyboard */ = {isa = PBXFileReference; lastKnownFileType = file.storyboard; path = LaunchScreen.storyboard; sourceTree = "<group>"; };
		1A0000000000000000000013 /* Info.plist */ = {isa = PBXFileReference; lastKnownFileType = text.plist.xml; path = Info.plist; sourceTree = "<group>"; };
		1A0000000000000000000014 /* entitlements.plist */ = {isa = PBXFileReference; lastKnownFileType = text.plist.xml; path = entitlements.plist; sourceTree = "<group>"; };
		1A0000000000000000000021 /* UIKit.framework */ = {isa = PBXFileReference; lastKnownFileType = wrapper.framework; name = UIKit.framework; path = System/Library/Frameworks/UIKit.framework; sourceTree = SDKROOT; };
		1A0000000000000000000022 /* Foundation.framework */ = {isa = PBXFileReference; lastKnownFileType = wrapper.framework; name = Foundation.framework; path = System/Library/Frameworks/Foundation.framework; sourceTree = SDKROOT; };
		1A0000000000000000000023 /* CoreSpotlight.framework */ = {isa = PBXFileReference; lastKnownFileType = wrapper.framework; name = CoreSpotlight.framework; path = System/Library/Frameworks/CoreSpotlight.framework; sourceTree = SDKROOT; };
/* End PBXFileReference section */

/* Begin PBXGroup section */
		1A0000000000000000000100 = {
			isa = PBXGroup;
			children = (
				1A0000000000000000000101,
				1A0000000000000000000102,
				1A0000000000000000000014,
			);
			sourceTree = "<group>";
		};
		1A0000000000000000000101 /* SandboxEscapePOC */ = {
			isa = PBXGroup;
			children = (
				1A0000000000000000000011,
				1A0000000000000000000012,
				1A0000000000000000000013,
			);
			path = SandboxEscapePOC;
			sourceTree = "<group>";
		};
		1A0000000000000000000102 /* Frameworks */ = {
			isa = PBXGroup;
			children = (
				1A0000000000000000000021,
				1A0000000000000000000022,
				1A0000000000000000000023,
			);
			name = Frameworks;
			sourceTree = "<group>";
		};
/* End PBXGroup section */

/* Begin PBXNativeTarget section */
		1A0000000000000000000200 /* SandboxEscapePOC */ = {
			isa = PBXNativeTarget;
			buildConfigurationList = 1A0000000000000000000400;
			buildPhases = (
				1A0000000000000000000201,
				1A0000000000000000000202,
				1A0000000000000000000203,
			);
			buildRules = (
			);
			dependencies = (
			);
			name = SandboxEscapePOC;
			productName = SandboxEscapePOC;
			productReference = 1A0000000000000000000010;
			productType = "com.apple.product-type.application";
		};
/* End PBXNativeTarget section */

/* Begin PBXProject section */
		1A0000000000000000000300 /* Project object */ = {
			isa = PBXProject;
			attributes = {
				BuildIndependentTargetsInParallel = 1;
				LastUpgradeCheck = 1500;
				TargetAttributes = {
					1A0000000000000000000200 = {
						CreatedOnToolsVersion = 15.0;
					};
				};
			};
			buildConfigurationList = 1A0000000000000000000301;
			compatibilityVersion = "Xcode 14.0";
			developmentRegion = en;
			hasScannedForEncodings = 0;
			knownRegions = (
				en,
				Base,
			);
			mainGroup = 1A0000000000000000000100;
			productRefGroup = 1A0000000000000000000100;
			projectDirPath = "";
			projectRoot = "";
			targets = (
				1A0000000000000000000200,
			);
		};
/* End PBXProject section */

/* Begin PBXSourcesBuildPhase section */
		1A0000000000000000000201 /* Sources */ = {
			isa = PBXSourcesBuildPhase;
			buildActionMask = 2147483647;
			files = (
				1A0000000000000000000001,
			);
			runOnlyForDeploymentPostprocessing = 0;
		};
/* End PBXSourcesBuildPhase section */

/* Begin PBXFrameworksBuildPhase section */
		1A0000000000000000000202 /* Frameworks */ = {
			isa = PBXFrameworksBuildPhase;
			buildActionMask = 2147483647;
			files = (
				1A0000000000000000000003,
				1A0000000000000000000004,
				1A0000000000000000000005,
			);
			runOnlyForDeploymentPostprocessing = 0;
		};
/* End PBXFrameworksBuildPhase section */

/* Begin PBXResourcesBuildPhase section */
		1A0000000000000000000203 /* Resources */ = {
			isa = PBXResourcesBuildPhase;
			buildActionMask = 2147483647;
			files = (
				1A0000000000000000000002,
			);
			runOnlyForDeploymentPostprocessing = 0;
		};
/* End PBXResourcesBuildPhase section */

/* Begin XCBuildConfiguration section */
		1A0000000000000000000500 /* Release */ = {
			isa = XCBuildConfiguration;
			buildSettings = {
				ALWAYS_SEARCH_USER_PATHS = NO;
				CLANG_CXX_LANGUAGE_STANDARD = "gnu++20";
				CLANG_ENABLE_MODULES = YES;
				CLANG_ENABLE_OBJC_ARC = YES;
				CODE_SIGN_STYLE = Manual;
				COPY_PHASE_STRIP = NO;
				DEBUG_INFORMATION_FORMAT = "dwarf-with-dsym";
				ENABLE_STRICT_OBJC_MSGSEND = YES;
				GCC_NO_COMMON_BLOCKS = YES;
				GCC_OPTIMIZATION_LEVEL = 0;
				IPHONEOS_DEPLOYMENT_TARGET = 15.0;
				MTL_ENABLE_DEBUG_INFO = NO;
				SDKROOT = iphoneos;
				VALIDATE_PRODUCT = YES;
			};
			name = Release;
		};
		1A0000000000000000000501 /* Release */ = {
			isa = XCBuildConfiguration;
			buildSettings = {
				ASSETCATALOG_COMPILER_APPICON_NAME = AppIcon;
				CODE_SIGN_ENTITLEMENTS = entitlements.plist;
				CODE_SIGN_STYLE = Manual;
				INFOPLIST_FILE = SandboxEscapePOC/Info.plist;
				IPHONEOS_DEPLOYMENT_TARGET = 15.0;
				LD_RUNPATH_SEARCH_PATHS = (
					"$(inherited)",
					"@executable_path/Frameworks",
				);
				PRODUCT_BUNDLE_IDENTIFIER = com.research.sandboxescapepoc;
				PRODUCT_NAME = "$(TARGET_NAME)";
				TARGETED_DEVICE_FAMILY = "1,2";
			};
			name = Release;
		};
/* End XCBuildConfiguration section */

/* Begin XCConfigurationList section */
		1A0000000000000000000301 /* Build configuration list for PBXProject */ = {
			isa = XCConfigurationList;
			buildConfigurations = (
				1A0000000000000000000500,
			);
			defaultConfigurationIsVisible = 0;
			defaultConfigurationName = Release;
		};
		1A0000000000000000000400 /* Build configuration list for PBXNativeTarget */ = {
			isa = XCConfigurationList;
			buildConfigurations = (
				1A0000000000000000000501,
			);
			defaultConfigurationIsVisible = 0;
			defaultConfigurationName = Release;
		};
/* End XCConfigurationList section */
	};
	rootObject = 1A0000000000000000000300 /* Project object */;
}
